<?xml version="1.0" encoding="utf-8"?>
<Project ToolsVersion="4.0" xmlns="http://schemas.microsoft.com/developer/msbuild/2003">
  <ItemGroup>
    <ClCompile Include="..\wpnmod_utils.cpp">
      <Filter>Source Files</Filter>
    </ClCompile>
    <ClCompile Include="..\sdk\amxxmodule.cpp">
      <Filter>Module SDK\SDK Base</Filter>
    </ClCompile>
    <ClCompile Include="..\wpnmod_hooker.cpp">
      <Filter>Source Files</Filter>
    </ClCompile>
    <ClCompile Include="..\wpnmod_natives.cpp">
      <Filter>Source Files</Filter>
    </ClCompile>
    <ClCompile Include="..\wpnmod_grenade.cpp">
      <Filter>Source Files</Filter>
    </ClCompile>
    <ClCompile Include="..\wpnmod_parse.cpp">
      <Filter>Source Files</Filter>
    </ClCompile>
    <ClCompile Include="..\wpnmod_hooks.cpp">
      <Filter>Source Files</Filter>
    </ClCompile>
    <ClCompile Include="..\wpnmod_config.cpp">
      <Filter>Source Files</Filter>
    </ClCompile>
    <ClCompile Include="..\wpnmod_main.cpp">
      <Filter>Source Files</Filter>
    </ClCompile>
    <ClCompile Include="..\wpnmod_memory.cpp">
      <Filter>Source Files</Filter>
    </ClCompile>
    <ClCompile Include="..\wpnmod_vtable.cpp">
      <Filter>Source Files</Filter>
    </ClCompile>
    <ClCompile Include="..\wpnmod_pvdata.cpp">
      <Filter>Source Files</Filter>
    </ClCompile>
    <ClCompile Include="..\wpnmod_version.cpp">
      <Filter>Source Files</Filter>
    </ClCompile>
    <ClCompile Include="..\wpnmod_log.cpp">
      <Filter>Source Files</Filter>
    </ClCompile>
    <ClCompile Include="..\wpnmod_entity.cpp">
      <Filter>Source Files</Filter>
    </ClCompile>
  </ItemGroup>
  <ItemGroup>
    <ClInclude Include="..\sdk\moduleconfig.h">
      <Filter>Module SDK</Filter>
    </ClInclude>
    <ClInclude Include="..\sdk\amxxmodule.h">
      <Filter>Module SDK\SDK Base</Filter>
    </ClInclude>
    <ClInclude Include="..\include\wpnmod_utils.h">
      <Filter>Header Files</Filter>
    </ClInclude>
    <ClInclude Include="..\include\wpnmod_hooker.h">
      <Filter>Header Files</Filter>
    </ClInclude>
    <ClInclude Include="..\include\wpnmod_grenade.h">
      <Filter>Header Files</Filter>
    </ClInclude>
    <ClInclude Include="..\include\wpnmod_parse.h">
      <Filter>Header Files</Filter>
    </ClInclude>
    <ClInclude Include="..\include\wpnmod_config.h">
      <Filter>Header Files</Filter>
    </ClInclude>
    <ClInclude Include="..\include\CString.h">
      <Filter>Module SDK\AMXX STL</Filter>
    </ClInclude>
    <ClInclude Include="..\include\CVector.h">
      <Filter>Module SDK\AMXX STL</Filter>
    </ClInclude>
    <ClInclude Include="..\include\wpnmod_hooks.h">
      <Filter>Header Files</Filter>
    </ClInclude>
    <ClInclude Include="..\include\wpnmod_memory.h">
      <Filter>Header Files</Filter>
    </ClInclude>
    <ClInclude Include="..\include\wpnmod_vtable.h">
      <Filter>Header Files</Filter>
    </ClInclude>
    <ClInclude Include="..\include\wpnmod_pvdata.h">
      <Filter>Header Files</Filter>
    </ClInclude>
    <ClInclude Include="..\include\wpnmod_version.h">
      <Filter>Header Files</Filter>
    </ClInclude>
    <ClInclude Include="..\include\wpnmod_log.h">
      <Filter>Header Files</Filter>
    </ClInclude>
    <ClInclude Include="..\include\wpnmod_entity.h">
      <Filter>Header Files</Filter>
    </ClInclude>
  </ItemGroup>
  <ItemGroup>
    <Filter Include="Module SDK">
      <UniqueIdentifier>{eb9e9e31-0d82-4385-a002-7deb06bb0056}</UniqueIdentifier>
    </Filter>
    <Filter Include="Header Files">
      <UniqueIdentifier>{d09f2f59-b42a-4c7b-ac8f-ff7528052a51}</UniqueIdentifier>
    </Filter>
    <Filter Include="Source Files">
      <UniqueIdentifier>{6ffc8db1-dd62-4016-8f0e-331f8b19427d}</UniqueIdentifier>
    </Filter>
    <Filter Include="Module SDK\AMXX STL">
      <UniqueIdentifier>{f39acf95-a3c4-4b72-aba4-c8da51108f0f}</UniqueIdentifier>
    </Filter>
    <Filter Include="Module SDK\SDK Base">
      <UniqueIdentifier>{f5d0de4f-9433-4594-a5bd-70580220d456}</UniqueIdentifier>
    </Filter>
  </ItemGroup>
  <ItemGroup>
    <ResourceCompile Include="weaponmod.rc" />
  </ItemGroup>
</Project>